{
  "requires": true,
  "lockfileVersion": 1,
  "dependencies": {
    "ansi-to-html": {
      "version": "0.1.1",
      "resolved": "https://registry.npmjs.org/ansi-to-html/-/ansi-to-html-0.1.1.tgz",
      "integrity": "sha1-7T+39WzEaTS/5ZaKww5QqDiqbhw=",
      "dev": true
    },
    "browser-terminal-mirror": {
      "version": "1.0.1",
      "resolved": "https://registry.npmjs.org/browser-terminal-mirror/-/browser-terminal-mirror-1.0.1.tgz",
      "integrity": "sha1-SvMthF9xpp8kjYHgxhwnz7Hmr7Q=",
      "dev": true,
      "requires": {
        "ansi-to-html": "0.1.1",
        "hooker": "0.2.3",
        "ws": "0.4.32"
      }
    },
    "commander": {
      "version": "2.1.0",
      "resolved": "https://registry.npmjs.org/commander/-/commander-2.1.0.tgz",
      "integrity": "sha1-0SG7roYNmZKj1Re6lvVliOR8Z4E=",
      "dev": true
    },
    "hooker": {
      "version": "0.2.3",
      "resolved": "https://registry.npmjs.org/hooker/-/hooker-0.2.3.tgz",
      "integrity": "sha1-uDT3I8xKJCqmWWNFnfbZhMXT2Vk=",
      "dev": true
    },
    "nan": {
      "version": "1.0.0",
      "resolved": "https://registry.npmjs.org/nan/-/nan-1.0.0.tgz",
      "integrity": "sha1-riT4hQgY1mL8q1rPfzuVv6oszzg=",
      "dev": true
    },
    "options": {
      "version": "0.0.6",
      "resolved": "https://registry.npmjs.org/options/-/options-0.0.6.tgz",
      "integrity": "sha1-7CLTEoBrtT5zF3Pnza788cZDEo8=",
      "dev": true
    },
    "tinycolor": {
      "version": "0.0.1",
      "resolved": "https://registry.npmjs.org/tinycolor/-/tinycolor-0.0.1.tgz",
      "integrity": "sha1-MgtaUtg6u1l42Bo+iH1K77FaYWQ=",
      "dev": true
    },
    "ws": {
      "version": "0.4.32",
      "resolved": "https://registry.npmjs.org/ws/-/ws-0.4.32.tgz",
      "integrity": "sha1-eHphVEFPPJntg8V3IVOyD+sM7DI=",
      "dev": true,
      "requires": {
        "commander": "2.1.0",
        "nan": "1.0.0",
        "options": "0.0.6",
        "tinycolor": "0.0.1"
      }
    }
  }
}
